
Microsoft Visual Studio Solution File, Format Version 12.00
# Visual Studio 15
VisualStudioVersion = 15.0.26124.0
MinimumVisualStudioVersion = 15.0.26124.0
Project("{2150E333-8FDC-42A3-9474-1A3956D46DE8}") = "src", "src", "{5DF3D851-B34A-498A-BFF3-B4B2BE148D44}"
EndProject
Project("{2150E333-8FDC-42A3-9474-1A3956D46DE8}") = "examples", "examples", "{2886E792-81D0-4716-BCFC-8C8B1BBAE59A}"
EndProject
Project("{FAE04EC0-301F-11D3-BF4B-00C04F79EFBC}") = "AspNetExample", "examples\AspNetExample\AspNetExample.csproj", "{7637B771-D472-4BC6-AC93-DCA5AEFC8DDD}"
EndProject
Project("{FAE04EC0-301F-11D3-BF4B-00C04F79EFBC}") = "Metrics.AspNet", "src\Metrics.AspNet\Metrics.AspNet.csproj", "{C6D0ECCB-2E83-4DC3-854D-12679CB2437E}"
EndProject
Project("{FAE04EC0-301F-11D3-BF4B-00C04F79EFBC}") = "Metrics", "src\Metrics\Metrics.csproj", "{F34D0873-0B39-4013-B421-0834511599C6}"
EndProject
Project("{FAE04EC0-301F-11D3-BF4B-00C04F79EFBC}") = "Observability", "src\Observability\Observability.csproj", "{51664985-F35B-4BE9-982A-1B754DE7E86E}"
EndProject
Project("{2150E333-8FDC-42A3-9474-1A3956D46DE8}") = "test", "test", "{E9DB6CB8-1FB5-466F-B7A5-678A6D72DCDF}"
EndProject
Project("{FAE04EC0-301F-11D3-BF4B-00C04F79EFBC}") = "Observability.Tests", "test\Observability.Tests\Observability.Tests.csproj", "{6811DEB2-FBF7-486A-83CD-6D00412A839E}"
EndProject
Project("{FAE04EC0-301F-11D3-BF4B-00C04F79EFBC}") = "Observability.Hosting.AspNet", "src\Observability.Hosting.AspNet\Observability.Hosting.AspNet.csproj", "{20927C89-05A0-4A59-82CA-77ED63179B7D}"
EndProject
Project("{FAE04EC0-301F-11D3-BF4B-00C04F79EFBC}") = "Observability.Hosting.AspNet.Tests", "test\Observability.Hosting.AspNet.Tests\Observability.Hosting.AspNet.Tests.csproj", "{FC4C5702-F107-4D6D-BEE9-8A8F8F982EB2}"
EndProject
Global
	GlobalSection(SolutionConfigurationPlatforms) = preSolution
		Debug|Any CPU = Debug|Any CPU
		Debug|x64 = Debug|x64
		Debug|x86 = Debug|x86
		Release|Any CPU = Release|Any CPU
		Release|x64 = Release|x64
		Release|x86 = Release|x86
	EndGlobalSection
	GlobalSection(SolutionProperties) = preSolution
		HideSolutionNode = FALSE
	EndGlobalSection
	GlobalSection(ProjectConfigurationPlatforms) = postSolution
		{7637B771-D472-4BC6-AC93-DCA5AEFC8DDD}.Debug|Any CPU.ActiveCfg = Debug|Any CPU
		{7637B771-D472-4BC6-AC93-DCA5AEFC8DDD}.Debug|Any CPU.Build.0 = Debug|Any CPU
		{7637B771-D472-4BC6-AC93-DCA5AEFC8DDD}.Debug|x64.ActiveCfg = Debug|Any CPU
		{7637B771-D472-4BC6-AC93-DCA5AEFC8DDD}.Debug|x64.Build.0 = Debug|Any CPU
		{7637B771-D472-4BC6-AC93-DCA5AEFC8DDD}.Debug|x86.ActiveCfg = Debug|Any CPU
		{7637B771-D472-4BC6-AC93-DCA5AEFC8DDD}.Debug|x86.Build.0 = Debug|Any CPU
		{7637B771-D472-4BC6-AC93-DCA5AEFC8DDD}.Release|Any CPU.ActiveCfg = Release|Any CPU
		{7637B771-D472-4BC6-AC93-DCA5AEFC8DDD}.Release|Any CPU.Build.0 = Release|Any CPU
		{7637B771-D472-4BC6-AC93-DCA5AEFC8DDD}.Release|x64.ActiveCfg = Release|Any CPU
		{7637B771-D472-4BC6-AC93-DCA5AEFC8DDD}.Release|x64.Build.0 = Release|Any CPU
		{7637B771-D472-4BC6-AC93-DCA5AEFC8DDD}.Release|x86.ActiveCfg = Release|Any CPU
		{7637B771-D472-4BC6-AC93-DCA5AEFC8DDD}.Release|x86.Build.0 = Release|Any CPU
		{C6D0ECCB-2E83-4DC3-854D-12679CB2437E}.Debug|Any CPU.ActiveCfg = Debug|Any CPU
		{C6D0ECCB-2E83-4DC3-854D-12679CB2437E}.Debug|Any CPU.Build.0 = Debug|Any CPU
		{C6D0ECCB-2E83-4DC3-854D-12679CB2437E}.Debug|x64.ActiveCfg = Debug|Any CPU
		{C6D0ECCB-2E83-4DC3-854D-12679CB2437E}.Debug|x64.Build.0 = Debug|Any CPU
		{C6D0ECCB-2E83-4DC3-854D-12679CB2437E}.Debug|x86.ActiveCfg = Debug|Any CPU
		{C6D0ECCB-2E83-4DC3-854D-12679CB2437E}.Debug|x86.Build.0 = Debug|Any CPU
		{C6D0ECCB-2E83-4DC3-854D-12679CB2437E}.Release|Any CPU.ActiveCfg = Release|Any CPU
		{C6D0ECCB-2E83-4DC3-854D-12679CB2437E}.Release|Any CPU.Build.0 = Release|Any CPU
		{C6D0ECCB-2E83-4DC3-854D-12679CB2437E}.Release|x64.ActiveCfg = Release|Any CPU
		{C6D0ECCB-2E83-4DC3-854D-12679CB2437E}.Release|x64.Build.0 = Release|Any CPU
		{C6D0ECCB-2E83-4DC3-854D-12679CB2437E}.Release|x86.ActiveCfg = Release|Any CPU
		{C6D0ECCB-2E83-4DC3-854D-12679CB2437E}.Release|x86.Build.0 = Release|Any CPU
		{F34D0873-0B39-4013-B421-0834511599C6}.Debug|Any CPU.ActiveCfg = Debug|Any CPU
		{F34D0873-0B39-4013-B421-0834511599C6}.Debug|Any CPU.Build.0 = Debug|Any CPU
		{F34D0873-0B39-4013-B421-0834511599C6}.Debug|x64.ActiveCfg = Debug|Any CPU
		{F34D0873-0B39-4013-B421-0834511599C6}.Debug|x64.Build.0 = Debug|Any CPU
		{F34D0873-0B39-4013-B421-0834511599C6}.Debug|x86.ActiveCfg = Debug|Any CPU
		{F34D0873-0B39-4013-B421-0834511599C6}.Debug|x86.Build.0 = Debug|Any CPU
		{F34D0873-0B39-4013-B421-0834511599C6}.Release|Any CPU.ActiveCfg = Release|Any CPU
		{F34D0873-0B39-4013-B421-0834511599C6}.Release|Any CPU.Build.0 = Release|Any CPU
		{F34D0873-0B39-4013-B421-0834511599C6}.Release|x64.ActiveCfg = Release|Any CPU
		{F34D0873-0B39-4013-B421-0834511599C6}.Release|x64.Build.0 = Release|Any CPU
		{F34D0873-0B39-4013-B421-0834511599C6}.Release|x86.ActiveCfg = Release|Any CPU
		{F34D0873-0B39-4013-B421-0834511599C6}.Release|x86.Build.0 = Release|Any CPU
		{51664985-F35B-4BE9-982A-1B754DE7E86E}.Debug|Any CPU.ActiveCfg = Debug|Any CPU
		{51664985-F35B-4BE9-982A-1B754DE7E86E}.Debug|Any CPU.Build.0 = Debug|Any CPU
		{51664985-F35B-4BE9-982A-1B754DE7E86E}.Debug|x64.ActiveCfg = Debug|Any CPU
		{51664985-F35B-4BE9-982A-1B754DE7E86E}.Debug|x64.Build.0 = Debug|Any CPU
		{51664985-F35B-4BE9-982A-1B754DE7E86E}.Debug|x86.ActiveCfg = Debug|Any CPU
		{51664985-F35B-4BE9-982A-1B754DE7E86E}.Debug|x86.Build.0 = Debug|Any CPU
		{51664985-F35B-4BE9-982A-1B754DE7E86E}.Release|Any CPU.ActiveCfg = Release|Any CPU
		{51664985-F35B-4BE9-982A-1B754DE7E86E}.Release|Any CPU.Build.0 = Release|Any CPU
		{51664985-F35B-4BE9-982A-1B754DE7E86E}.Release|x64.ActiveCfg = Release|Any CPU
		{51664985-F35B-4BE9-982A-1B754DE7E86E}.Release|x64.Build.0 = Release|Any CPU
		{51664985-F35B-4BE9-982A-1B754DE7E86E}.Release|x86.ActiveCfg = Release|Any CPU
		{51664985-F35B-4BE9-982A-1B754DE7E86E}.Release|x86.Build.0 = Release|Any CPU
		{6811DEB2-FBF7-486A-83CD-6D00412A839E}.Debug|Any CPU.ActiveCfg = Debug|Any CPU
		{6811DEB2-FBF7-486A-83CD-6D00412A839E}.Debug|Any CPU.Build.0 = Debug|Any CPU
		{6811DEB2-FBF7-486A-83CD-6D00412A839E}.Debug|x64.ActiveCfg = Debug|Any CPU
		{6811DEB2-FBF7-486A-83CD-6D00412A839E}.Debug|x64.Build.0 = Debug|Any CPU
		{6811DEB2-FBF7-486A-83CD-6D00412A839E}.Debug|x86.ActiveCfg = Debug|Any CPU
		{6811DEB2-FBF7-486A-83CD-6D00412A839E}.Debug|x86.Build.0 = Debug|Any CPU
		{6811DEB2-FBF7-486A-83CD-6D00412A839E}.Release|Any CPU.ActiveCfg = Release|Any CPU
		{6811DEB2-FBF7-486A-83CD-6D00412A839E}.Release|Any CPU.Build.0 = Release|Any CPU
		{6811DEB2-FBF7-486A-83CD-6D00412A839E}.Release|x64.ActiveCfg = Release|Any CPU
		{6811DEB2-FBF7-486A-83CD-6D00412A839E}.Release|x64.Build.0 = Release|Any CPU
		{6811DEB2-FBF7-486A-83CD-6D00412A839E}.Release|x86.ActiveCfg = Release|Any CPU
		{6811DEB2-FBF7-486A-83CD-6D00412A839E}.Release|x86.Build.0 = Release|Any CPU
		{20927C89-05A0-4A59-82CA-77ED63179B7D}.Debug|Any CPU.ActiveCfg = Debug|Any CPU
		{20927C89-05A0-4A59-82CA-77ED63179B7D}.Debug|Any CPU.Build.0 = Debug|Any CPU
		{20927C89-05A0-4A59-82CA-77ED63179B7D}.Debug|x64.ActiveCfg = Debug|Any CPU
		{20927C89-05A0-4A59-82CA-77ED63179B7D}.Debug|x64.Build.0 = Debug|Any CPU
		{20927C89-05A0-4A59-82CA-77ED63179B7D}.Debug|x86.ActiveCfg = Debug|Any CPU
		{20927C89-05A0-4A59-82CA-77ED63179B7D}.Debug|x86.Build.0 = Debug|Any CPU
		{20927C89-05A0-4A59-82CA-77ED63179B7D}.Release|Any CPU.ActiveCfg = Release|Any CPU
		{20927C89-05A0-4A59-82CA-77ED63179B7D}.Release|Any CPU.Build.0 = Release|Any CPU
		{20927C89-05A0-4A59-82CA-77ED63179B7D}.Release|x64.ActiveCfg = Release|Any CPU
		{20927C89-05A0-4A59-82CA-77ED63179B7D}.Release|x64.Build.0 = Release|Any CPU
		{20927C89-05A0-4A59-82CA-77ED63179B7D}.Release|x86.ActiveCfg = Release|Any CPU
		{20927C89-05A0-4A59-82CA-77ED63179B7D}.Release|x86.Build.0 = Release|Any CPU
		{FC4C5702-F107-4D6D-BEE9-8A8F8F982EB2}.Debug|Any CPU.ActiveCfg = Debug|Any CPU
		{FC4C5702-F107-4D6D-BEE9-8A8F8F982EB2}.Debug|Any CPU.Build.0 = Debug|Any CPU
		{FC4C5702-F107-4D6D-BEE9-8A8F8F982EB2}.Debug|x64.ActiveCfg = Debug|Any CPU
		{FC4C5702-F107-4D6D-BEE9-8A8F8F982EB2}.Debug|x64.Build.0 = Debug|Any CPU
		{FC4C5702-F107-4D6D-BEE9-8A8F8F982EB2}.Debug|x86.ActiveCfg = Debug|Any CPU
		{FC4C5702-F107-4D6D-BEE9-8A8F8F982EB2}.Debug|x86.Build.0 = Debug|Any CPU
		{FC4C5702-F107-4D6D-BEE9-8A8F8F982EB2}.Release|Any CPU.ActiveCfg = Release|Any CPU
		{FC4C5702-F107-4D6D-BEE9-8A8F8F982EB2}.Release|Any CPU.Build.0 = Release|Any CPU
		{FC4C5702-F107-4D6D-BEE9-8A8F8F982EB2}.Release|x64.ActiveCfg = Release|Any CPU
		{FC4C5702-F107-4D6D-BEE9-8A8F8F982EB2}.Release|x64.Build.0 = Release|Any CPU
		{FC4C5702-F107-4D6D-BEE9-8A8F8F982EB2}.Release|x86.ActiveCfg = Release|Any CPU
		{FC4C5702-F107-4D6D-BEE9-8A8F8F982EB2}.Release|x86.Build.0 = Release|Any CPU
	EndGlobalSection
	GlobalSection(NestedProjects) = preSolution
		{7637B771-D472-4BC6-AC93-DCA5AEFC8DDD} = {2886E792-81D0-4716-BCFC-8C8B1BBAE59A}
		{C6D0ECCB-2E83-4DC3-854D-12679CB2437E} = {5DF3D851-B34A-498A-BFF3-B4B2BE148D44}
		{F34D0873-0B39-4013-B421-0834511599C6} = {5DF3D851-B34A-498A-BFF3-B4B2BE148D44}
		{51664985-F35B-4BE9-982A-1B754DE7E86E} = {5DF3D851-B34A-498A-BFF3-B4B2BE148D44}
		{6811DEB2-FBF7-486A-83CD-6D00412A839E} = {E9DB6CB8-1FB5-466F-B7A5-678A6D72DCDF}
		{20927C89-05A0-4A59-82CA-77ED63179B7D} = {5DF3D851-B34A-498A-BFF3-B4B2BE148D44}
		{FC4C5702-F107-4D6D-BEE9-8A8F8F982EB2} = {E9DB6CB8-1FB5-466F-B7A5-678A6D72DCDF}
	EndGlobalSection
EndGlobal
